{
  "nodes": {
    "home-manager": {
      "inputs": {
        "nixpkgs": [
          "nixpkgs"
        ]
      },
      "locked": {
        "lastModified": 1789267039,
        "narHash": "sha256-LWiBv9yAYFi2LPbUhDGHPGKYskJQjj2fw12OlyO1uQo=",
        "owner": "nix-community",
        "repo": "home-manager",
        "rev": "ec172013fa62135f58fb58dd17ae9651e8f39727",
        "type": "github"
      },
      "original": {
        "owner": "nix-community",
        "ref": "release-26.05",
        "repo": "home-manager",
        "type": "github"
      }
    },
    "niri-virtual": {
      "inputs": {
        "nixpkgs": [
          "nixpkgs"
        ]
      },
      "locked": {
        "lastModified": 1788486066,
        "narHash": "sha256-NmsIOdV1MW1GJ54rXOhPmD3DZJVP+c1qyim9nfWxREE=",
        "owner": "willybarret",
        "repo": "niri",
        "rev": "dc0505f043028a8cc1e007d5760953753dec2d3b",
        "type": "github"
      },
      "original": {
        "owner": "willybarret",
        "repo": "niri",
        "rev": "dc0505f043028a8cc1e007d5760953753dec2d3b",
        "type": "github"
      }
    },
    "nixpkgs": {
      "locked": {
        "lastModified": 1789542786,
        "narHash": "sha256-ajQuqcxnj6RYnwCjA/9FTCnrdR2+BDzstE8UembXf60=",
        "owner": "NixOS",
        "repo": "nixpkgs",
        "rev": "4c7870105e7f1fdf9c48688c8d7efc21abf0688a",
        "type": "github"
      },
      "original": {
        "owner": "NixOS",
        "ref": "nixos-26.05",
        "repo": "nixpkgs",
        "type": "github"
      }
    },
    "nixpkgs-cachix": {
      "locked": {
        "lastModified": 1782847189,
        "narHash": "sha256-twXPFqFsrrY5r28Zh7Homgcp2gUMBgQ6WDS98Q/3xFI=",
        "owner": "NixOS",
        "repo": "nixpkgs",
        "rev": "b6018f87da91d19d0ab4cf979885689b469cdd41",
        "type": "github"
      },
      "original": {
        "owner": "NixOS",
        "ref": "nixos-25.11",
        "repo": "nixpkgs",
        "type": "github"
      }
    },
    "root": {
      "inputs": {
        "home-manager": "home-manager",
        "niri-virtual": "niri-virtual",
        "nixpkgs": "nixpkgs",
        "nixpkgs-cachix": "nixpkgs-cachix",
        "zen-browser": "zen-browser"
      }
    },
    "zen-browser": {
      "inputs": {
        "nixpkgs": [
          "nixpkgs"
        ]
      },
      "locked": {
        "lastModified": 1789636270,
        "narHash": "sha256-sexm8hHHB2jOB/G70czjQxdxeX68zID6G1BomFIGI+w=",
        "owner": "youwen5",
        "repo": "zen-browser-flake",
        "rev": "9c1767f705262bf08498877fd1053b6a6db12a9f",
        "type": "github"
      },
      "original": {
        "owner": "youwen5",
        "repo": "zen-browser-flake",
        "type": "github"
      }
    }
  },
  "root": "root",
  "version": 7
}
